
Microsoft Visual Studio Solution File, Format Version 12.00
Project("{FAE04EC0-301F-11D3-BF4B-00C04F79EFBC}") = "BulkyBookWeb", "BulkyBookWeb\BulkyBookWeb.csproj", "{4DB1EE86-AE85-4B72-A899-2F93EE2A06CA}"
EndProject
Global
	GlobalSection(SolutionConfigurationPlatforms) = preSolution
		Debug|Any CPU = Debug|Any CPU
		Release|Any CPU = Release|Any CPU
	EndGlobalSection
	GlobalSection(ProjectConfigurationPlatforms) = postSolution
		{4DB1EE86-AE85-4B72-A899-2F93EE2A06CA}.Debug|Any CPU.ActiveCfg = Debug|Any CPU
		{4DB1EE86-AE85-4B72-A899-2F93EE2A06CA}.Debug|Any CPU.Build.0 = Debug|Any CPU
		{4DB1EE86-AE85-4B72-A899-2F93EE2A06CA}.Release|Any CPU.ActiveCfg = Release|Any CPU
		{4DB1EE86-AE85-4B72-A899-2F93EE2A06CA}.Release|Any CPU.Build.0 = Release|Any CPU
	EndGlobalSection
EndGlobal
